
Microsoft Visual Studio Solution File, Format Version 12.00
# Visual Studio Version 16
VisualStudioVersion = 16.0.29613.14
MinimumVisualStudioVersion = 10.0.40219.1
Project("{9A19103F-16F7-4668-BE54-9A1E7A4F7556}") = "Afg1Stromrallye.API", "Afg1Stromrallye.API\Afg1Stromrallye.API.csproj", "{6C5D1F6B-315F-47C6-BC58-03CB46B27FAC}"
EndProject
Global
	GlobalSection(SolutionConfigurationPlatforms) = preSolution
		Debug|Any CPU = Debug|Any CPU
		Release|Any CPU = Release|Any CPU
	EndGlobalSection
	GlobalSection(ProjectConfigurationPlatforms) = postSolution
		{6C5D1F6B-315F-47C6-BC58-03CB46B27FAC}.Debug|Any CPU.ActiveCfg = Debug|Any CPU
		{6C5D1F6B-315F-47C6-BC58-03CB46B27FAC}.Debug|Any CPU.Build.0 = Debug|Any CPU
		{6C5D1F6B-315F-47C6-BC58-03CB46B27FAC}.Release|Any CPU.ActiveCfg = Release|Any CPU
		{6C5D1F6B-315F-47C6-BC58-03CB46B27FAC}.Release|Any CPU.Build.0 = Release|Any CPU
	EndGlobalSection
	GlobalSection(SolutionProperties) = preSolution
		HideSolutionNode = FALSE
	EndGlobalSection
	GlobalSection(ExtensibilityGlobals) = postSolution
		SolutionGuid = {F77157F4-2A5F-4EAC-B9F8-9CFBA790A035}
	EndGlobalSection
EndGlobal
